// !$*UTF8*$!
{
	archiveVersion = 1;
	classes = {
	};
	objectVersion = 55;
	objects = {

/* Begin PBXBuildFile section */
		1A03EC6528F5831C0006A745 /* AppDelegate.swift in Sources */ = {isa = PBXBuildFile; fileRef = 1A03EC6428F5831C0006A745 /* AppDelegate.swift */; };
		1A03EC6728F5831C0006A745 /* SceneDelegate.swift in Sources */ = {isa = PBXBuildFile; fileRef = 1A03EC6628F5831C0006A745 /* SceneDelegate.swift */; };
		1A03EC6928F5831C0006A745 /* ViewController.swift in Sources */ = {isa = PBXBuildFile; fileRef = 1A03EC6828F5831C0006A745 /* ViewController.swift */; };
		1A03EC6C28F5831C0006A745 /* Main.storyboard in Resources */ = {isa = PBXBuildFile; fileRef = 1A03EC6A28F5831C0006A745 /* Main.storyboard */; };
		1A03EC6E28F5831E0006A745 /* Assets.xcassets in Resources */ = {isa = PBXBuildFile; fileRef = 1A03EC6D28F5831E0006A745 /* Assets.xcassets */; };
		1A03EC7128F5831E0006A745 /* LaunchScreen.storyboard in Resources */ = {isa = PBXBuildFile; fileRef = 1A03EC6F28F5831E0006A745 /* LaunchScreen.storyboard */; };
		1A0A2C4228F713B7009C16BF /* sontung.mp3 in Resources */ = {isa = PBXBuildFile; fileRef = 1A0A2C4128F713B7009C16BF /* sontung.mp3 */; };
		1A0A2C4428F71819009C16BF /* mono.mp3 in Resources */ = {isa = PBXBuildFile; fileRef = 1A0A2C4328F71819009C16BF /* mono.mp3 */; };
		1A0A2C4628F7185C009C16BF /* hieuthu2.mp3 in Resources */ = {isa = PBXBuildFile; fileRef = 1A0A2C4528F7185C009C16BF /* hieuthu2.mp3 */; };
		1A0A2C4828F71882009C16BF /* SongLibraryViewController.swift in Sources */ = {isa = PBXBuildFile; fileRef = 1A0A2C4728F71882009C16BF /* SongLibraryViewController.swift */; };
		1A0A2C4C28F7BAF1009C16BF /* MixerViewController.swift in Sources */ = {isa = PBXBuildFile; fileRef = 1A0A2C4B28F7BAF1009C16BF /* MixerViewController.swift */; };
		6AC70155BCF3671336E8C400 /* Pods_KingsoftLiveTest.framework in Frameworks */ = {isa = PBXBuildFile; fileRef = 249275FEBCE904011AA775B6 /* Pods_KingsoftLiveTest.framework */; };
/* End PBXBuildFile section */

/* Begin PBXFileReference section */
		1A03EC6128F5831C0006A745 /* KingsoftLiveTest.app */ = {isa = PBXFileReference; explicitFileType = wrapper.application; includeInIndex = 0; path = KingsoftLiveTest.app; sourceTree = BUILT_PRODUCTS_DIR; };
		1A03EC6428F5831C0006A745 /* AppDelegate.swift */ = {isa = PBXFileReference; lastKnownFileType = sourcecode.swift; path = AppDelegate.swift; sourceTree = "<group>"; };
		1A03EC6628F5831C0006A745 /* SceneDelegate.swift */ = {isa = PBXFileReference; lastKnownFileType = sourcecode.swift; path = SceneDelegate.swift; sourceTree = "<group>"; };
		1A03EC6828F5831C0006A745 /* ViewController.swift */ = {isa = PBXFileReference; lastKnownFileType = sourcecode.swift; path = ViewController.swift; sourceTree = "<group>"; };
		1A03EC6B28F5831C0006A745 /* Base */ = {isa = PBXFileReference; lastKnownFileType = file.storyboard; name = Base; path = Base.lproj/Main.storyboard; sourceTree = "<group>"; };
		1A03EC6D28F5831E0006A745 /* Assets.xcassets */ = {isa = PBXFileReference; lastKnownFileType = folder.assetcatalog; path = Assets.xcassets; sourceTree = "<group>"; };
		1A03EC7028F5831E0006A745 /* Base */ = {isa = PBXFileReference; lastKnownFileType = file.storyboard; name = Base; path = Base.lproj/LaunchScreen.storyboard; sourceTree = "<group>"; };
		1A03EC7228F5831E0006A745 /* Info.plist */ = {isa = PBXFileReference; lastKnownFileType = text.plist.xml; path = Info.plist; sourceTree = "<group>"; };
		1A0A2C4128F713B7009C16BF /* sontung.mp3 */ = {isa = PBXFileReference; lastKnownFileType = audio.mp3; path = sontung.mp3; sourceTree = "<group>"; };
		1A0A2C4328F71819009C16BF /* mono.mp3 */ = {isa = PBXFileReference; lastKnownFileType = audio.mp3; path = mono.mp3; sourceTree = "<group>"; };
		1A0A2C4528F7185C009C16BF /* hieuthu2.mp3 */ = {isa = PBXFileReference; lastKnownFileType = audio.mp3; path = hieuthu2.mp3; sourceTree = "<group>"; };
		1A0A2C4728F71882009C16BF /* SongLibraryViewController.swift */ = {isa = PBXFileReference; lastKnownFileType = sourcecode.swift; path = SongLibraryViewController.swift; sourceTree = "<group>"; };
		1A0A2C4B28F7BAF1009C16BF /* MixerViewController.swift */ = {isa = PBXFileReference; lastKnownFileType = sourcecode.swift; path = MixerViewController.swift; sourceTree = "<group>"; };
		249275FEBCE904011AA775B6 /* Pods_KingsoftLiveTest.framework */ = {isa = PBXFileReference; explicitFileType = wrapper.framework; includeInIndex = 0; path = Pods_KingsoftLiveTest.framework; sourceTree = BUILT_PRODUCTS_DIR; };
		785B5834F586AF620ABD2A15 /* Pods-KingsoftLiveTest.debug.xcconfig */ = {isa = PBXFileReference; includeInIndex = 1; lastKnownFileType = text.xcconfig; name = "Pods-KingsoftLiveTest.debug.xcconfig"; path = "Target Support Files/Pods-KingsoftLiveTest/Pods-KingsoftLiveTest.debug.xcconfig"; sourceTree = "<group>"; };
		C7A76530D244A7BDD5AAB9B3 /* Pods-KingsoftLiveTest.release.xcconfig */ = {isa = PBXFileReference; includeInIndex = 1; lastKnownFileType = text.xcconfig; name = "Pods-KingsoftLiveTest.release.xcconfig"; path = "Target Support Files/Pods-KingsoftLiveTest/Pods-KingsoftLiveTest.release.xcconfig"; sourceTree = "<group>"; };
/* End PBXFileReference section */

/* Begin PBXFrameworksBuildPhase section */
		1A03EC5E28F5831C0006A745 /* Frameworks */ = {
			isa = PBXFrameworksBuildPhase;
			buildActionMask = 2147483647;
			files = (
				6AC70155BCF3671336E8C400 /* Pods_KingsoftLiveTest.framework in Frameworks */,
			);
			runOnlyForDeploymentPostprocessing = 0;
		};
/* End PBXFrameworksBuildPhase section */

/* Begin PBXGroup section */
		075B47A48100C8B374D92198 /* Pods */ = {
			isa = PBXGroup;
			children = (
				785B5834F586AF620ABD2A15 /* Pods-KingsoftLiveTest.debug.xcconfig */,
				C7A76530D244A7BDD5AAB9B3 /* Pods-KingsoftLiveTest.release.xcconfig */,
			);
			path = Pods;
			sourceTree = "<group>";
		};
		1A03EC5828F5831C0006A745 = {
			isa = PBXGroup;
			children = (
				1A03EC6328F5831C0006A745 /* KingsoftLiveTest */,
				1A03EC6228F5831C0006A745 /* Products */,
				075B47A48100C8B374D92198 /* Pods */,
				E945A0AE78B9D20213467BC7 /* Frameworks */,
			);
			sourceTree = "<group>";
		};
		1A03EC6228F5831C0006A745 /* Products */ = {
			isa = PBXGroup;
			children = (
				1A03EC6128F5831C0006A745 /* KingsoftLiveTest.app */,
			);
			name = Products;
			sourceTree = "<group>";
		};
		1A03EC6328F5831C0006A745 /* KingsoftLiveTest */ = {
			isa = PBXGroup;
			children = (
				1A0A2C4028F713A3009C16BF /* Resource */,
				1A0A2C3D28F7096D009C16BF /* View */,
				1A03EC6428F5831C0006A745 /* AppDelegate.swift */,
				1A03EC6628F5831C0006A745 /* SceneDelegate.swift */,
				1A03EC6828F5831C0006A745 /* ViewController.swift */,
				1A03EC6A28F5831C0006A745 /* Main.storyboard */,
				1A03EC6D28F5831E0006A745 /* Assets.xcassets */,
				1A03EC6F28F5831E0006A745 /* LaunchScreen.storyboard */,
				1A03EC7228F5831E0006A745 /* Info.plist */,
				1A0A2C4728F71882009C16BF /* SongLibraryViewController.swift */,
				1A0A2C4B28F7BAF1009C16BF /* MixerViewController.swift */,
			);
			path = KingsoftLiveTest;
			sourceTree = "<group>";
		};
		1A0A2C3D28F7096D009C16BF /* View */ = {
			isa = PBXGroup;
			children = (
			);
			path = View;
			sourceTree = "<group>";
		};
		1A0A2C4028F713A3009C16BF /* Resource */ = {
			isa = PBXGroup;
			children = (
				1A0A2C4528F7185C009C16BF /* hieuthu2.mp3 */,
				1A0A2C4328F71819009C16BF /* mono.mp3 */,
				1A0A2C4128F713B7009C16BF /* sontung.mp3 */,
			);
			path = Resource;
			sourceTree = "<group>";
		};
		E945A0AE78B9D20213467BC7 /* Frameworks */ = {
			isa = PBXGroup;
			children = (
				249275FEBCE904011AA775B6 /* Pods_KingsoftLiveTest.framework */,
			);
			name = Frameworks;
			sourceTree = "<group>";
		};
/* End PBXGroup section */

/* Begin PBXNativeTarget section */
		1A03EC6028F5831C0006A745 /* KingsoftLiveTest */ = {
			isa = PBXNativeTarget;
			buildConfigurationList = 1A03EC7528F5831E0006A745 /* Build configuration list for PBXNativeTarget "KingsoftLiveTest" */;
			buildPhases = (
				696FA68322E006A91DFBDEC7 /* [CP] Check Pods Manifest.lock */,
				1A03EC5D28F5831C0006A745 /* Sources */,
				1A03EC5E28F5831C0006A745 /* Frameworks */,
				1A03EC5F28F5831C0006A745 /* Resources */,
				B6F657FC5F9636039FEB1459 /* [CP] Embed Pods Frameworks */,
			);
			buildRules = (
			);
			dependencies = (
			);
			name = KingsoftLiveTest;
			productName = KingsoftLiveTest;
			productReference = 1A03EC6128F5831C0006A745 /* KingsoftLiveTest.app */;
			productType = "com.apple.product-type.application";
		};
/* End PBXNativeTarget section */

/* Begin PBXProject section */
		1A03EC5928F5831C0006A745 /* Project object */ = {
			isa = PBXProject;
			attributes = {
				BuildIndependentTargetsInParallel = 1;
				LastSwiftUpdateCheck = 1340;
				LastUpgradeCheck = 1340;
				TargetAttributes = {
					1A03EC6028F5831C0006A745 = {
						CreatedOnToolsVersion = 13.4.1;
					};
				};
			};
			buildConfigurationList = 1A03EC5C28F5831C0006A745 /* Build configuration list for PBXProject "KingsoftLiveTest" */;
			compatibilityVersion = "Xcode 13.0";
			developmentRegion = en;
			hasScannedForEncodings = 0;
			knownRegions = (
				en,
				Base,
			);
			mainGroup = 1A03EC5828F5831C0006A745;
			productRefGroup = 1A03EC6228F5831C0006A745 /* Products */;
			projectDirPath = "";
			projectRoot = "";
			targets = (
				1A03EC6028F5831C0006A745 /* KingsoftLiveTest */,
			);
		};
/* End PBXProject section */

/* Begin PBXResourcesBuildPhase section */
		1A03EC5F28F5831C0006A745 /* Resources */ = {
			isa = PBXResourcesBuildPhase;
			buildActionMask = 2147483647;
			files = (
				1A03EC7128F5831E0006A745 /* LaunchScreen.storyboard in Resources */,
				1A0A2C4428F71819009C16BF /* mono.mp3 in Resources */,
				1A03EC6E28F5831E0006A745 /* Assets.xcassets in Resources */,
				1A03EC6C28F5831C0006A745 /* Main.storyboard in Resources */,
				1A0A2C4628F7185C009C16BF /* hieuthu2.mp3 in Resources */,
				1A0A2C4228F713B7009C16BF /* sontung.mp3 in Resources */,
			);
			runOnlyForDeploymentPostprocessing = 0;
		};
/* End PBXResourcesBuildPhase section */

/* Begin PBXShellScriptBuildPhase section */
		696FA68322E006A91DFBDEC7 /* [CP] Check Pods Manifest.lock */ = {
			isa = PBXShellScriptBuildPhase;
			buildActionMask = 2147483647;
			files = (
			);
			inputFileListPaths = (
			);
			inputPaths = (
				"${PODS_PODFILE_DIR_PATH}/Podfile.lock",
				"${PODS_ROOT}/Manifest.lock",
			);
			name = "[CP] Check Pods Manifest.lock";
			outputFileListPaths = (
			);
			outputPaths = (
				"$(DERIVED_FILE_DIR)/Pods-KingsoftLiveTest-checkManifestLockResult.txt",
			);
			runOnlyForDeploymentPostprocessing = 0;
			shellPath = /bin/sh;
			shellScript = "diff \"${PODS_PODFILE_DIR_PATH}/Podfile.lock\" \"${PODS_ROOT}/Manifest.lock\" > /dev/null\nif [ $? != 0 ] ; then\n    # print error to STDERR\n    echo \"error: The sandbox is not in sync with the Podfile.lock. Run 'pod install' or update your CocoaPods installation.\" >&2\n    exit 1\nfi\n# This output is used by Xcode 'outputs' to avoid re-running this script phase.\necho \"SUCCESS\" > \"${SCRIPT_OUTPUT_FILE_0}\"\n";
			showEnvVarsInLog = 0;
		};
		B6F657FC5F9636039FEB1459 /* [CP] Embed Pods Frameworks */ = {
			isa = PBXShellScriptBuildPhase;
			buildActionMask = 2147483647;
			files = (
			);
			inputFileListPaths = (
				"${PODS_ROOT}/Target Support Files/Pods-KingsoftLiveTest/Pods-KingsoftLiveTest-frameworks-${CONFIGURATION}-input-files.xcfilelist",
			);
			name = "[CP] Embed Pods Frameworks";
			outputFileListPaths = (
				"${PODS_ROOT}/Target Support Files/Pods-KingsoftLiveTest/Pods-KingsoftLiveTest-frameworks-${CONFIGURATION}-output-files.xcfilelist",
			);
			runOnlyForDeploymentPostprocessing = 0;
			shellPath = /bin/sh;
			shellScript = "\"${PODS_ROOT}/Target Support Files/Pods-KingsoftLiveTest/Pods-KingsoftLiveTest-frameworks.sh\"\n";
			showEnvVarsInLog = 0;
		};
/* End PBXShellScriptBuildPhase section */

/* Begin PBXSourcesBuildPhase section */
		1A03EC5D28F5831C0006A745 /* Sources */ = {
			isa = PBXSourcesBuildPhase;
			buildActionMask = 2147483647;
			files = (
				1A0A2C4C28F7BAF1009C16BF /* MixerViewController.swift in Sources */,
				1A03EC6928F5831C0006A745 /* ViewController.swift in Sources */,
				1A0A2C4828F71882009C16BF /* SongLibraryViewController.swift in Sources */,
				1A03EC6528F5831C0006A745 /* AppDelegate.swift in Sources */,
				1A03EC6728F5831C0006A745 /* SceneDelegate.swift in Sources */,
			);
			runOnlyForDeploymentPostprocessing = 0;
		};
/* End PBXSourcesBuildPhase section */

/* Begin PBXVariantGroup section */
		1A03EC6A28F5831C0006A745 /* Main.storyboard */ = {
			isa = PBXVariantGroup;
			children = (
				1A03EC6B28F5831C0006A745 /* Base */,
			);
			name = Main.storyboard;
			sourceTree = "<group>";
		};
		1A03EC6F28F5831E0006A745 /* LaunchScreen.storyboard */ = {
			isa = PBXVariantGroup;
			children = (
				1A03EC7028F5831E0006A745 /* Base */,
			);
			name = LaunchScreen.storyboard;
			sourceTree = "<group>";
		};
/* End PBXVariantGroup section */

/* Begin XCBuildConfiguration section */
		1A03EC7328F5831E0006A745 /* Debug */ = {
			isa = XCBuildConfiguration;
			buildSettings = {
				ALWAYS_SEARCH_USER_PATHS = NO;
				CLANG_ANALYZER_NONNULL = YES;
				CLANG_ANALYZER_NUMBER_OBJECT_CONVERSION = YES_AGGRESSIVE;
				CLANG_CXX_LANGUAGE_STANDARD = "gnu++17";
				CLANG_ENABLE_MODULES = YES;
				CLANG_ENABLE_OBJC_ARC = YES;
				CLANG_ENABLE_OBJC_WEAK = YES;
				CLANG_WARN_BLOCK_CAPTURE_AUTORELEASING = YES;
				CLANG_WARN_BOOL_CONVERSION = YES;
				CLANG_WARN_COMMA = YES;
				CLANG_WARN_CONSTANT_CONVERSION = YES;
				CLANG_WARN_DEPRECATED_OBJC_IMPLEMENTATIONS = YES;
				CLANG_WARN_DIRECT_OBJC_ISA_USAGE = YES_ERROR;
				CLANG_WARN_DOCUMENTATION_COMMENTS = YES;
				CLANG_WARN_EMPTY_BODY = YES;
				CLANG_WARN_ENUM_CONVERSION = YES;
				CLANG_WARN_INFINITE_RECURSION = YES;
				CLANG_WARN_INT_CONVERSION = YES;
				CLANG_WARN_NON_LITERAL_NULL_CONVERSION = YES;
				CLANG_WARN_OBJC_IMPLICIT_RETAIN_SELF = YES;
				CLANG_WARN_OBJC_LITERAL_CONVERSION = YES;
				CLANG_WARN_OBJC_ROOT_CLASS = YES_ERROR;
				CLANG_WARN_QUOTED_INCLUDE_IN_FRAMEWORK_HEADER = YES;
				CLANG_WARN_RANGE_LOOP_ANALYSIS = YES;
				CLANG_WARN_STRICT_PROTOTYPES = YES;
				CLANG_WARN_SUSPICIOUS_MOVE = YES;
				CLANG_WARN_UNGUARDED_AVAILABILITY = YES_AGGRESSIVE;
				CLANG_WARN_UNREACHABLE_CODE = YES;
				CLANG_WARN__DUPLICATE_METHOD_MATCH = YES;
				COPY_PHASE_STRIP = NO;
				DEBUG_INFORMATION_FORMAT = dwarf;
				ENABLE_STRICT_OBJC_MSGSEND = YES;
				ENABLE_TESTABILITY = YES;
				GCC_C_LANGUAGE_STANDARD = gnu11;
				GCC_DYNAMIC_NO_PIC = NO;
				GCC_NO_COMMON_BLOCKS = YES;
				GCC_OPTIMIZATION_LEVEL = 0;
				GCC_PREPROCESSOR_DEFINITIONS = (
					"DEBUG=1",
					"$(inherited)",
				);
				GCC_WARN_64_TO_32_BIT_CONVERSION = YES;
				GCC_WARN_ABOUT_RETURN_TYPE = YES_ERROR;
				GCC_WARN_UNDECLARED_SELECTOR = YES;
				GCC_WARN_UNINITIALIZED_AUTOS = YES_AGGRESSIVE;
				GCC_WARN_UNUSED_FUNCTION = YES;
				GCC_WARN_UNUSED_VARIABLE = YES;
				IPHONEOS_DEPLOYMENT_TARGET = 15.5;
				MTL_ENABLE_DEBUG_INFO = INCLUDE_SOURCE;
				MTL_FAST_MATH = YES;
				ONLY_ACTIVE_ARCH = YES;
				SDKROOT = iphoneos;
				SWIFT_ACTIVE_COMPILATION_CONDITIONS = DEBUG;
				SWIFT_OPTIMIZATION_LEVEL = "-Onone";
			};
			name = Debug;
		};
		1A03EC7428F5831E0006A745 /* Release */ = {
			isa = XCBuildConfiguration;
			buildSettings = {
				ALWAYS_SEARCH_USER_PATHS = NO;
				CLANG_ANALYZER_NONNULL = YES;
				CLANG_ANALYZER_NUMBER_OBJECT_CONVERSION = YES_AGGRESSIVE;
				CLANG_CXX_LANGUAGE_STANDARD = "gnu++17";
				CLANG_ENABLE_MODULES = YES;
				CLANG_ENABLE_OBJC_ARC = YES;
				CLANG_ENABLE_OBJC_WEAK = YES;
				CLANG_WARN_BLOCK_CAPTURE_AUTORELEASING = YES;
				CLANG_WARN_BOOL_CONVERSION = YES;
				CLANG_WARN_COMMA = YES;
				CLANG_WARN_CONSTANT_CONVERSION = YES;
				CLANG_WARN_DEPRECATED_OBJC_IMPLEMENTATIONS = YES;
				CLANG_WARN_DIRECT_OBJC_ISA_USAGE = YES_ERROR;
				CLANG_WARN_DOCUMENTATION_COMMENTS = YES;
				CLANG_WARN_EMPTY_BODY = YES;
				CLANG_WARN_ENUM_CONVERSION = YES;
				CLANG_WARN_INFINITE_RECURSION = YES;
				CLANG_WARN_INT_CONVERSION = YES;
				CLANG_WARN_NON_LITERAL_NULL_CONVERSION = YES;
				CLANG_WARN_OBJC_IMPLICIT_RETAIN_SELF = YES;
				CLANG_WARN_OBJC_LITERAL_CONVERSION = YES;
				CLANG_WARN_OBJC_ROOT_CLASS = YES_ERROR;
				CLANG_WARN_QUOTED_INCLUDE_IN_FRAMEWORK_HEADER = YES;
				CLANG_WARN_RANGE_LOOP_ANALYSIS = YES;
				CLANG_WARN_STRICT_PROTOTYPES = YES;
				CLANG_WARN_SUSPICIOUS_MOVE = YES;
				CLANG_WARN_UNGUARDED_AVAILABILITY = YES_AGGRESSIVE;
				CLANG_WARN_UNREACHABLE_CODE = YES;
				CLANG_WARN__DUPLICATE_METHOD_MATCH = YES;
				COPY_PHASE_STRIP = NO;
				DEBUG_INFORMATION_FORMAT = "dwarf-with-dsym";
				ENABLE_NS_ASSERTIONS = NO;
				ENABLE_STRICT_OBJC_MSGSEND = YES;
				GCC_C_LANGUAGE_STANDARD = gnu11;
				GCC_NO_COMMON_BLOCKS = YES;
				GCC_WARN_64_TO_32_BIT_CONVERSION = YES;
				GCC_WARN_ABOUT_RETURN_TYPE = YES_ERROR;
				GCC_WARN_UNDECLARED_SELECTOR = YES;
				GCC_WARN_UNINITIALIZED_AUTOS = YES_AGGRESSIVE;
				GCC_WARN_UNUSED_FUNCTION = YES;
				GCC_WARN_UNUSED_VARIABLE = YES;
				IPHONEOS_DEPLOYMENT_TARGET = 15.5;
				MTL_ENABLE_DEBUG_INFO = NO;
				MTL_FAST_MATH = YES;
				SDKROOT = iphoneos;
				SWIFT_COMPILATION_MODE = wholemodule;
				SWIFT_OPTIMIZATION_LEVEL = "-O";
				VALIDATE_PRODUCT = YES;
			};
			name = Release;
		};
		1A03EC7628F5831E0006A745 /* Debug */ = {
			isa = XCBuildConfiguration;
			baseConfigurationReference = 785B5834F586AF620ABD2A15 /* Pods-KingsoftLiveTest.debug.xcconfig */;
			buildSettings = {
				ASSETCATALOG_COMPILER_APPICON_NAME = AppIcon;
				ASSETCATALOG_COMPILER_GLOBAL_ACCENT_COLOR_NAME = AccentColor;
				CODE_SIGN_STYLE = Automatic;
				CURRENT_PROJECT_VERSION = 1;
				DEVELOPMENT_TEAM = 4HNHR4AUAH;
				GENERATE_INFOPLIST_FILE = YES;
				INFOPLIST_FILE = KingsoftLiveTest/Info.plist;
				INFOPLIST_KEY_NSCameraUsageDescription = "Camera permission";
				INFOPLIST_KEY_NSMicrophoneUsageDescription = "Microphone permission";
				INFOPLIST_KEY_UIApplicationSupportsIndirectInputEvents = YES;
				INFOPLIST_KEY_UILaunchStoryboardName = LaunchScreen;
				INFOPLIST_KEY_UIMainStoryboardFile = Main;
				INFOPLIST_KEY_UISupportedInterfaceOrientations_iPad = "UIInterfaceOrientationPortrait UIInterfaceOrientationPortraitUpsideDown UIInterfaceOrientationLandscapeLeft UIInterfaceOrientationLandscapeRight";
				INFOPLIST_KEY_UISupportedInterfaceOrientations_iPhone = "UIInterfaceOrientationPortrait UIInterfaceOrientationLandscapeLeft UIInterfaceOrientationLandscapeRight";
				IPHONEOS_DEPLOYMENT_TARGET = 13.0;
				LD_RUNPATH_SEARCH_PATHS = (
					"$(inherited)",
					"@executable_path/Frameworks",
				);
				MARKETING_VERSION = 1.0;
				PRODUCT_BUNDLE_IDENTIFIER = com.khangle99.KingsoftLiveTest;
				PRODUCT_NAME = "$(TARGET_NAME)";
				SWIFT_EMIT_LOC_STRINGS = YES;
				SWIFT_VERSION = 5.0;
				TARGETED_DEVICE_FAMILY = "1,2";
			};
			name = Debug;
		};
		1A03EC7728F5831E0006A745 /* Release */ = {
			isa = XCBuildConfiguration;
			baseConfigurationReference = C7A76530D244A7BDD5AAB9B3 /* Pods-KingsoftLiveTest.release.xcconfig */;
			buildSettings = {
				ASSETCATALOG_COMPILER_APPICON_NAME = AppIcon;
				ASSETCATALOG_COMPILER_GLOBAL_ACCENT_COLOR_NAME = AccentColor;
				CODE_SIGN_STYLE = Automatic;
				CURRENT_PROJECT_VERSION = 1;
				DEVELOPMENT_TEAM = 4HNHR4AUAH;
				GENERATE_INFOPLIST_FILE = YES;
				INFOPLIST_FILE = KingsoftLiveTest/Info.plist;
				INFOPLIST_KEY_NSCameraUsageDescription = "Camera permission";
				INFOPLIST_KEY_NSMicrophoneUsageDescription = "Microphone permission";
				INFOPLIST_KEY_UIApplicationSupportsIndirectInputEvents = YES;
				INFOPLIST_KEY_UILaunchStoryboardName = LaunchScreen;
				INFOPLIST_KEY_UIMainStoryboardFile = Main;
				INFOPLIST_KEY_UISupportedInterfaceOrientations_iPad = "UIInterfaceOrientationPortrait UIInterfaceOrientationPortraitUpsideDown UIInterfaceOrientationLandscapeLeft UIInterfaceOrientationLandscapeRight";
				INFOPLIST_KEY_UISupportedInterfaceOrientations_iPhone = "UIInterfaceOrientationPortrait UIInterfaceOrientationLandscapeLeft UIInterfaceOrientationLandscapeRight";
				IPHONEOS_DEPLOYMENT_TARGET = 13.0;
				LD_RUNPATH_SEARCH_PATHS = (
					"$(inherited)",
					"@executable_path/Frameworks",
				);
				MARKETING_VERSION = 1.0;
				PRODUCT_BUNDLE_IDENTIFIER = com.khangle99.KingsoftLiveTest;
				PRODUCT_NAME = "$(TARGET_NAME)";
				SWIFT_EMIT_LOC_STRINGS = YES;
				SWIFT_VERSION = 5.0;
				TARGETED_DEVICE_FAMILY = "1,2";
			};
			name = Release;
		};
/* End XCBuildConfiguration section */

/* Begin XCConfigurationList section */
		1A03EC5C28F5831C0006A745 /* Build configuration list for PBXProject "KingsoftLiveTest" */ = {
			isa = XCConfigurationList;
			buildConfigurations = (
				1A03EC7328F5831E0006A745 /* Debug */,
				1A03EC7428F5831E0006A745 /* Release */,
			);
			defaultConfigurationIsVisible = 0;
			defaultConfigurationName = Release;
		};
		1A03EC7528F5831E0006A745 /* Build configuration list for PBXNativeTarget "KingsoftLiveTest" */ = {
			isa = XCConfigurationList;
			buildConfigurations = (
				1A03EC7628F5831E0006A745 /* Debug */,
				1A03EC7728F5831E0006A745 /* Release */,
			);
			defaultConfigurationIsVisible = 0;
			defaultConfigurationName = Release;
		};
/* End XCConfigurationList section */
	};
	rootObject = 1A03EC5928F5831C0006A745 /* Project object */;
}
